
Microsoft Visual Studio Solution File, Format Version 12.00
# Visual Studio 15
VisualStudioVersion = 15.0.26730.12
MinimumVisualStudioVersion = 10.0.40219.1
Project("{2150E333-8FDC-42A3-9474-1A3956D46DE8}") = "src", "src", "{584FA38E-F9C2-41DB-AFD3-387C9089A4FD}"
EndProject
Project("{9A19103F-16F7-4668-BE54-9A1E7A4F7556}") = "BookingManager", "src\BookingManager\BookingManager.csproj", "{256232EA-80CF-4FF3-A074-1E223B96AAED}"
EndProject
Project("{2150E333-8FDC-42A3-9474-1A3956D46DE8}") = "test", "test", "{FBDBDD70-F0DF-4768-A90E-8323B083AF8D}"
EndProject
Project("{9A19103F-16F7-4668-BE54-9A1E7A4F7556}") = "BookingManagerUnitTest", "test\BookingManagerUnitTest\BookingManagerUnitTest.csproj", "{C06A115C-277A-435E-9113-92794705DFBD}"
EndProject
Project("{2150E333-8FDC-42A3-9474-1A3956D46DE8}") = "Solution Items", "Solution Items", "{FEFBA330-52FD-4623-B29F-AA42EF3078E0}"
	ProjectSection(SolutionItems) = preProject
		Dockerfile.txt = Dockerfile.txt
	EndProjectSection
EndProject
Global
	GlobalSection(SolutionConfigurationPlatforms) = preSolution
		Debug|Any CPU = Debug|Any CPU
		Release|Any CPU = Release|Any CPU
	EndGlobalSection
	GlobalSection(ProjectConfigurationPlatforms) = postSolution
		{256232EA-80CF-4FF3-A074-1E223B96AAED}.Debug|Any CPU.ActiveCfg = Debug|Any CPU
		{256232EA-80CF-4FF3-A074-1E223B96AAED}.Debug|Any CPU.Build.0 = Debug|Any CPU
		{256232EA-80CF-4FF3-A074-1E223B96AAED}.Release|Any CPU.ActiveCfg = Release|Any CPU
		{256232EA-80CF-4FF3-A074-1E223B96AAED}.Release|Any CPU.Build.0 = Release|Any CPU
		{C06A115C-277A-435E-9113-92794705DFBD}.Debug|Any CPU.ActiveCfg = Debug|Any CPU
		{C06A115C-277A-435E-9113-92794705DFBD}.Debug|Any CPU.Build.0 = Debug|Any CPU
		{C06A115C-277A-435E-9113-92794705DFBD}.Release|Any CPU.ActiveCfg = Release|Any CPU
		{C06A115C-277A-435E-9113-92794705DFBD}.Release|Any CPU.Build.0 = Release|Any CPU
	EndGlobalSection
	GlobalSection(SolutionProperties) = preSolution
		HideSolutionNode = FALSE
	EndGlobalSection
	GlobalSection(NestedProjects) = preSolution
		{256232EA-80CF-4FF3-A074-1E223B96AAED} = {584FA38E-F9C2-41DB-AFD3-387C9089A4FD}
		{C06A115C-277A-435E-9113-92794705DFBD} = {FBDBDD70-F0DF-4768-A90E-8323B083AF8D}
	EndGlobalSection
	GlobalSection(ExtensibilityGlobals) = postSolution
		SolutionGuid = {5A80A0CF-932C-4402-B6F1-C551094B66DE}
	EndGlobalSection
EndGlobal
